
Microsoft Visual Studio Solution File, Format Version 12.00
# Visual Studio Version 17
VisualStudioVersion = 17.2.32408.312
MinimumVisualStudioVersion = 10.0.40219.1
Project("{9A19103F-16F7-4668-BE54-9A1E7A4F7556}") = "ManagedDotnetProfiler", "ManagedDotnetProfiler\ManagedDotnetProfiler.csproj", "{CA964F90-61C5-407D-AA4D-055F0CFC62B2}"
EndProject
Project("{9A19103F-16F7-4668-BE54-9A1E7A4F7556}") = "TestApp", "TestApp\TestApp.csproj", "{5BE2C0CF-A101-4FB5-9C2A-13E97E728778}"
EndProject
Project("{9A19103F-16F7-4668-BE54-9A1E7A4F7556}") = "ProfilerLib", "ProfilerLib\ProfilerLib.csproj", "{4440A205-D718-47C8-B6C0-B413B2D96A4F}"
EndProject
Global
	GlobalSection(SolutionConfigurationPlatforms) = preSolution
		Debug|Any CPU = Debug|Any CPU
		Release|Any CPU = Release|Any CPU
	EndGlobalSection
	GlobalSection(ProjectConfigurationPlatforms) = postSolution
		{CA964F90-61C5-407D-AA4D-055F0CFC62B2}.Debug|Any CPU.ActiveCfg = Debug|Any CPU
		{CA964F90-61C5-407D-AA4D-055F0CFC62B2}.Debug|Any CPU.Build.0 = Debug|Any CPU
		{CA964F90-61C5-407D-AA4D-055F0CFC62B2}.Release|Any CPU.ActiveCfg = Release|Any CPU
		{CA964F90-61C5-407D-AA4D-055F0CFC62B2}.Release|Any CPU.Build.0 = Release|Any CPU
		{5BE2C0CF-A101-4FB5-9C2A-13E97E728778}.Debug|Any CPU.ActiveCfg = Debug|Any CPU
		{5BE2C0CF-A101-4FB5-9C2A-13E97E728778}.Debug|Any CPU.Build.0 = Debug|Any CPU
		{5BE2C0CF-A101-4FB5-9C2A-13E97E728778}.Release|Any CPU.ActiveCfg = Release|Any CPU
		{5BE2C0CF-A101-4FB5-9C2A-13E97E728778}.Release|Any CPU.Build.0 = Release|Any CPU
		{4440A205-D718-47C8-B6C0-B413B2D96A4F}.Debug|Any CPU.ActiveCfg = Debug|Any CPU
		{4440A205-D718-47C8-B6C0-B413B2D96A4F}.Debug|Any CPU.Build.0 = Debug|Any CPU
		{4440A205-D718-47C8-B6C0-B413B2D96A4F}.Release|Any CPU.ActiveCfg = Release|Any CPU
		{4440A205-D718-47C8-B6C0-B413B2D96A4F}.Release|Any CPU.Build.0 = Release|Any CPU
	EndGlobalSection
	GlobalSection(SolutionProperties) = preSolution
		HideSolutionNode = FALSE
	EndGlobalSection
	GlobalSection(ExtensibilityGlobals) = postSolution
		SolutionGuid = {FD1C7177-2688-45A1-967C-2872E10C08DA}
	EndGlobalSection
EndGlobal
